// !$*UTF8*$!
{
	archiveVersion = 1;
	classes = {
	};
	objectVersion = 50;
	objects = {

/* Begin PBXBuildFile section */
		0ADD56C92226EEE400CFCBAC /* AppDelegate.swift in Sources */ = {isa = PBXBuildFile; fileRef = 0ADD56C82226EEE400CFCBAC /* AppDelegate.swift */; };
		0ADD56D02226EEE500CFCBAC /* Assets.xcassets in Resources */ = {isa = PBXBuildFile; fileRef = 0ADD56CF2226EEE500CFCBAC /* Assets.xcassets */; };
		0ADD56D32226EEE500CFCBAC /* LaunchScreen.storyboard in Resources */ = {isa = PBXBuildFile; fileRef = 0ADD56D12226EEE500CFCBAC /* LaunchScreen.storyboard */; };
		0ADD56E72226F3BA00CFCBAC /* Dice.swift in Sources */ = {isa = PBXBuildFile; fileRef = 0ADD56E62226F3BA00CFCBAC /* Dice.swift */; };
		0ADD56E92226F53A00CFCBAC /* DiceSet.swift in Sources */ = {isa = PBXBuildFile; fileRef = 0ADD56E82226F53A00CFCBAC /* DiceSet.swift */; };
		0ADD56EC2226F75700CFCBAC /* DicesViewController.swift in Sources */ = {isa = PBXBuildFile; fileRef = 0ADD56EA2226F75700CFCBAC /* DicesViewController.swift */; };
		0ADD56ED2226F75700CFCBAC /* DicesViewController.xib in Resources */ = {isa = PBXBuildFile; fileRef = 0ADD56EB2226F75700CFCBAC /* DicesViewController.xib */; };
		0ADD56FC2226FC4D00CFCBAC /* Theme.swift in Sources */ = {isa = PBXBuildFile; fileRef = 0ADD56FB2226FC4D00CFCBAC /* Theme.swift */; };
		0ADD570222270DCE00CFCBAC /* DicesViewModel.swift in Sources */ = {isa = PBXBuildFile; fileRef = 0ADD570122270DCE00CFCBAC /* DicesViewModel.swift */; };
		A20460D020CCB9B55FE517A3 /* Pods_Dices.framework in Frameworks */ = {isa = PBXBuildFile; fileRef = 1803DEAF21D13527800731A5 /* Pods_Dices.framework */; };
/* End PBXBuildFile section */

/* Begin PBXFileReference section */
		0ADD56C52226EEE400CFCBAC /* Dices.app */ = {isa = PBXFileReference; explicitFileType = wrapper.application; includeInIndex = 0; path = Dices.app; sourceTree = BUILT_PRODUCTS_DIR; };
		0ADD56C82226EEE400CFCBAC /* AppDelegate.swift */ = {isa = PBXFileReference; lastKnownFileType = sourcecode.swift; path = AppDelegate.swift; sourceTree = "<group>"; };
		0ADD56CF2226EEE500CFCBAC /* Assets.xcassets */ = {isa = PBXFileReference; lastKnownFileType = folder.assetcatalog; path = Assets.xcassets; sourceTree = "<group>"; };
		0ADD56D22226EEE500CFCBAC /* Base */ = {isa = PBXFileReference; lastKnownFileType = file.storyboard; name = Base; path = Base.lproj/LaunchScreen.storyboard; sourceTree = "<group>"; };
		0ADD56D42226EEE500CFCBAC /* Info.plist */ = {isa = PBXFileReference; lastKnownFileType = text.plist.xml; path = Info.plist; sourceTree = "<group>"; };
		0ADD56E62226F3BA00CFCBAC /* Dice.swift */ = {isa = PBXFileReference; lastKnownFileType = sourcecode.swift; path = Dice.swift; sourceTree = "<group>"; };
		0ADD56E82226F53A00CFCBAC /* DiceSet.swift */ = {isa = PBXFileReference; lastKnownFileType = sourcecode.swift; path = DiceSet.swift; sourceTree = "<group>"; };
		0ADD56EA2226F75700CFCBAC /* DicesViewController.swift */ = {isa = PBXFileReference; lastKnownFileType = sourcecode.swift; path = DicesViewController.swift; sourceTree = "<group>"; };
		0ADD56EB2226F75700CFCBAC /* DicesViewController.xib */ = {isa = PBXFileReference; lastKnownFileType = file.xib; path = DicesViewController.xib; sourceTree = "<group>"; };
		0ADD56FB2226FC4D00CFCBAC /* Theme.swift */ = {isa = PBXFileReference; lastKnownFileType = sourcecode.swift; path = Theme.swift; sourceTree = "<group>"; };
		0ADD570122270DCE00CFCBAC /* DicesViewModel.swift */ = {isa = PBXFileReference; lastKnownFileType = sourcecode.swift; path = DicesViewModel.swift; sourceTree = "<group>"; };
		1803DEAF21D13527800731A5 /* Pods_Dices.framework */ = {isa = PBXFileReference; explicitFileType = wrapper.framework; includeInIndex = 0; path = Pods_Dices.framework; sourceTree = BUILT_PRODUCTS_DIR; };
		E2452494168DEEC81E485E8F /* Pods-Dices.debug.xcconfig */ = {isa = PBXFileReference; includeInIndex = 1; lastKnownFileType = text.xcconfig; name = "Pods-Dices.debug.xcconfig"; path = "Pods/Target Support Files/Pods-Dices/Pods-Dices.debug.xcconfig"; sourceTree = "<group>"; };
		FC469F69E6AF6E8ABAAEAB76 /* Pods-Dices.release.xcconfig */ = {isa = PBXFileReference; includeInIndex = 1; lastKnownFileType = text.xcconfig; name = "Pods-Dices.release.xcconfig"; path = "Pods/Target Support Files/Pods-Dices/Pods-Dices.release.xcconfig"; sourceTree = "<group>"; };
/* End PBXFileReference section */

/* Begin PBXFrameworksBuildPhase section */
		0ADD56C22226EEE400CFCBAC /* Frameworks */ = {
			isa = PBXFrameworksBuildPhase;
			buildActionMask = 2147483647;
			files = (
				A20460D020CCB9B55FE517A3 /* Pods_Dices.framework in Frameworks */,
			);
			runOnlyForDeploymentPostprocessing = 0;
		};
/* End PBXFrameworksBuildPhase section */

/* Begin PBXGroup section */
		0ADD56BC2226EEE400CFCBAC = {
			isa = PBXGroup;
			children = (
				0ADD56C72226EEE400CFCBAC /* Dices */,
				0ADD56C62226EEE400CFCBAC /* Products */,
				43411F0489C8C4BFF549269E /* Pods */,
				5E906F56B82FF32E051903C2 /* Frameworks */,
			);
			sourceTree = "<group>";
		};
		0ADD56C62226EEE400CFCBAC /* Products */ = {
			isa = PBXGroup;
			children = (
				0ADD56C52226EEE400CFCBAC /* Dices.app */,
			);
			name = Products;
			sourceTree = "<group>";
		};
		0ADD56C72226EEE400CFCBAC /* Dices */ = {
			isa = PBXGroup;
			children = (
				0ADD56DA2226EF2F00CFCBAC /* Sources */,
				0ADD56DB2226EF3400CFCBAC /* Resources */,
			);
			path = Dices;
			sourceTree = "<group>";
		};
		0ADD56DA2226EF2F00CFCBAC /* Sources */ = {
			isa = PBXGroup;
			children = (
				0ADD56DD2226F02F00CFCBAC /* Scenes */,
				0ADD56FA2226FC3E00CFCBAC /* Utils */,
				0ADD56DC2226EF6A00CFCBAC /* Core */,
			);
			path = Sources;
			sourceTree = "<group>";
		};
		0ADD56DB2226EF3400CFCBAC /* Resources */ = {
			isa = PBXGroup;
			children = (
				0ADD56CF2226EEE500CFCBAC /* Assets.xcassets */,
				0ADD56D12226EEE500CFCBAC /* LaunchScreen.storyboard */,
				0ADD56D42226EEE500CFCBAC /* Info.plist */,
			);
			path = Resources;
			sourceTree = "<group>";
		};
		0ADD56DC2226EF6A00CFCBAC /* Core */ = {
			isa = PBXGroup;
			children = (
				0ADD56C82226EEE400CFCBAC /* AppDelegate.swift */,
			);
			path = Core;
			sourceTree = "<group>";
		};
		0ADD56DD2226F02F00CFCBAC /* Scenes */ = {
			isa = PBXGroup;
			children = (
				0ADD56DE2226F03800CFCBAC /* Dices */,
			);
			path = Scenes;
			sourceTree = "<group>";
		};
		0ADD56DE2226F03800CFCBAC /* Dices */ = {
			isa = PBXGroup;
			children = (
				0ADD56E12226F05700CFCBAC /* View */,
				0ADD56DF2226F04700CFCBAC /* ViewModel */,
				0ADD56E02226F05300CFCBAC /* Model */,
			);
			path = Dices;
			sourceTree = "<group>";
		};
		0ADD56DF2226F04700CFCBAC /* ViewModel */ = {
			isa = PBXGroup;
			children = (
				0ADD570122270DCE00CFCBAC /* DicesViewModel.swift */,
			);
			path = ViewModel;
			sourceTree = "<group>";
		};
		0ADD56E02226F05300CFCBAC /* Model */ = {
			isa = PBXGroup;
			children = (
				0ADD56E62226F3BA00CFCBAC /* Dice.swift */,
				0ADD56E82226F53A00CFCBAC /* DiceSet.swift */,
			);
			path = Model;
			sourceTree = "<group>";
		};
		0ADD56E12226F05700CFCBAC /* View */ = {
			isa = PBXGroup;
			children = (
				0ADD56EA2226F75700CFCBAC /* DicesViewController.swift */,
				0ADD56EB2226F75700CFCBAC /* DicesViewController.xib */,
			);
			path = View;
			sourceTree = "<group>";
		};
		0ADD56FA2226FC3E00CFCBAC /* Utils */ = {
			isa = PBXGroup;
			children = (
				0ADD56FD2227073600CFCBAC /* Themes */,
			);
			path = Utils;
			sourceTree = "<group>";
		};
		0ADD56FD2227073600CFCBAC /* Themes */ = {
			isa = PBXGroup;
			children = (
				0ADD56FB2226FC4D00CFCBAC /* Theme.swift */,
			);
			path = Themes;
			sourceTree = "<group>";
		};
		43411F0489C8C4BFF549269E /* Pods */ = {
			isa = PBXGroup;
			children = (
				E2452494168DEEC81E485E8F /* Pods-Dices.debug.xcconfig */,
				FC469F69E6AF6E8ABAAEAB76 /* Pods-Dices.release.xcconfig */,
			);
			name = Pods;
			sourceTree = "<group>";
		};
		5E906F56B82FF32E051903C2 /* Frameworks */ = {
			isa = PBXGroup;
			children = (
				1803DEAF21D13527800731A5 /* Pods_Dices.framework */,
			);
			name = Frameworks;
			sourceTree = "<group>";
		};
/* End PBXGroup section */

/* Begin PBXNativeTarget section */
		0ADD56C42226EEE400CFCBAC /* Dices */ = {
			isa = PBXNativeTarget;
			buildConfigurationList = 0ADD56D72226EEE500CFCBAC /* Build configuration list for PBXNativeTarget "Dices" */;
			buildPhases = (
				0189A53823373ADB62C0E0C6 /* [CP] Check Pods Manifest.lock */,
				0ADD56C12226EEE400CFCBAC /* Sources */,
				0ADD56C22226EEE400CFCBAC /* Frameworks */,
				0ADD56C32226EEE400CFCBAC /* Resources */,
				524E7EF33D817D91D5889945 /* [CP] Embed Pods Frameworks */,
			);
			buildRules = (
			);
			dependencies = (
			);
			name = Dices;
			productName = Dices;
			productReference = 0ADD56C52226EEE400CFCBAC /* Dices.app */;
			productType = "com.apple.product-type.application";
		};
/* End PBXNativeTarget section */

/* Begin PBXProject section */
		0ADD56BD2226EEE400CFCBAC /* Project object */ = {
			isa = PBXProject;
			attributes = {
				LastSwiftUpdateCheck = 1010;
				LastUpgradeCheck = 1010;
				ORGANIZATIONNAME = Krygu;
				TargetAttributes = {
					0ADD56C42226EEE400CFCBAC = {
						CreatedOnToolsVersion = 10.1;
					};
				};
			};
			buildConfigurationList = 0ADD56C02226EEE400CFCBAC /* Build configuration list for PBXProject "Dices" */;
			compatibilityVersion = "Xcode 9.3";
			developmentRegion = en;
			hasScannedForEncodings = 0;
			knownRegions = (
				en,
				Base,
			);
			mainGroup = 0ADD56BC2226EEE400CFCBAC;
			productRefGroup = 0ADD56C62226EEE400CFCBAC /* Products */;
			projectDirPath = "";
			projectRoot = "";
			targets = (
				0ADD56C42226EEE400CFCBAC /* Dices */,
			);
		};
/* End PBXProject section */

/* Begin PBXResourcesBuildPhase section */
		0ADD56C32226EEE400CFCBAC /* Resources */ = {
			isa = PBXResourcesBuildPhase;
			buildActionMask = 2147483647;
			files = (
				0ADD56D32226EEE500CFCBAC /* LaunchScreen.storyboard in Resources */,
				0ADD56D02226EEE500CFCBAC /* Assets.xcassets in Resources */,
				0ADD56ED2226F75700CFCBAC /* DicesViewController.xib in Resources */,
			);
			runOnlyForDeploymentPostprocessing = 0;
		};
/* End PBXResourcesBuildPhase section */

/* Begin PBXShellScriptBuildPhase section */
		0189A53823373ADB62C0E0C6 /* [CP] Check Pods Manifest.lock */ = {
			isa = PBXShellScriptBuildPhase;
			buildActionMask = 2147483647;
			files = (
			);
			inputFileListPaths = (
			);
			inputPaths = (
				"${PODS_PODFILE_DIR_PATH}/Podfile.lock",
				"${PODS_ROOT}/Manifest.lock",
			);
			name = "[CP] Check Pods Manifest.lock";
			outputFileListPaths = (
			);
			outputPaths = (
				"$(DERIVED_FILE_DIR)/Pods-Dices-checkManifestLockResult.txt",
			);
			runOnlyForDeploymentPostprocessing = 0;
			shellPath = /bin/sh;
			shellScript = "diff \"${PODS_PODFILE_DIR_PATH}/Podfile.lock\" \"${PODS_ROOT}/Manifest.lock\" > /dev/null\nif [ $? != 0 ] ; then\n    # print error to STDERR\n    echo \"error: The sandbox is not in sync with the Podfile.lock. Run 'pod install' or update your CocoaPods installation.\" >&2\n    exit 1\nfi\n# This output is used by Xcode 'outputs' to avoid re-running this script phase.\necho \"SUCCESS\" > \"${SCRIPT_OUTPUT_FILE_0}\"\n";
			showEnvVarsInLog = 0;
		};
		524E7EF33D817D91D5889945 /* [CP] Embed Pods Frameworks */ = {
			isa = PBXShellScriptBuildPhase;
			buildActionMask = 2147483647;
			files = (
			);
			inputFileListPaths = (
			);
			inputPaths = (
				"${SRCROOT}/Pods/Target Support Files/Pods-Dices/Pods-Dices-frameworks.sh",
				"${BUILT_PRODUCTS_DIR}/RxAtomic/RxAtomic.framework",
				"${BUILT_PRODUCTS_DIR}/RxCocoa/RxCocoa.framework",
				"${BUILT_PRODUCTS_DIR}/RxSwift/RxSwift.framework",
			);
			name = "[CP] Embed Pods Frameworks";
			outputFileListPaths = (
			);
			outputPaths = (
				"${TARGET_BUILD_DIR}/${FRAMEWORKS_FOLDER_PATH}/RxAtomic.framework",
				"${TARGET_BUILD_DIR}/${FRAMEWORKS_FOLDER_PATH}/RxCocoa.framework",
				"${TARGET_BUILD_DIR}/${FRAMEWORKS_FOLDER_PATH}/RxSwift.framework",
			);
			runOnlyForDeploymentPostprocessing = 0;
			shellPath = /bin/sh;
			shellScript = "\"${SRCROOT}/Pods/Target Support Files/Pods-Dices/Pods-Dices-frameworks.sh\"\n";
			showEnvVarsInLog = 0;
		};
/* End PBXShellScriptBuildPhase section */

/* Begin PBXSourcesBuildPhase section */
		0ADD56C12226EEE400CFCBAC /* Sources */ = {
			isa = PBXSourcesBuildPhase;
			buildActionMask = 2147483647;
			files = (
				0ADD56C92226EEE400CFCBAC /* AppDelegate.swift in Sources */,
				0ADD56E92226F53A00CFCBAC /* DiceSet.swift in Sources */,
				0ADD56FC2226FC4D00CFCBAC /* Theme.swift in Sources */,
				0ADD570222270DCE00CFCBAC /* DicesViewModel.swift in Sources */,
				0ADD56E72226F3BA00CFCBAC /* Dice.swift in Sources */,
				0ADD56EC2226F75700CFCBAC /* DicesViewController.swift in Sources */,
			);
			runOnlyForDeploymentPostprocessing = 0;
		};
/* End PBXSourcesBuildPhase section */

/* Begin PBXVariantGroup section */
		0ADD56D12226EEE500CFCBAC /* LaunchScreen.storyboard */ = {
			isa = PBXVariantGroup;
			children = (
				0ADD56D22226EEE500CFCBAC /* Base */,
			);
			name = LaunchScreen.storyboard;
			sourceTree = "<group>";
		};
/* End PBXVariantGroup section */

/* Begin XCBuildConfiguration section */
		0ADD56D52226EEE500CFCBAC /* Debug */ = {
			isa = XCBuildConfiguration;
			buildSettings = {
				ALWAYS_SEARCH_USER_PATHS = NO;
				CLANG_ANALYZER_NONNULL = YES;
				CLANG_ANALYZER_NUMBER_OBJECT_CONVERSION = YES_AGGRESSIVE;
				CLANG_CXX_LANGUAGE_STANDARD = "gnu++14";
				CLANG_CXX_LIBRARY = "libc++";
				CLANG_ENABLE_MODULES = YES;
				CLANG_ENABLE_OBJC_ARC = YES;
				CLANG_ENABLE_OBJC_WEAK = YES;
				CLANG_WARN_BLOCK_CAPTURE_AUTORELEASING = YES;
				CLANG_WARN_BOOL_CONVERSION = YES;
				CLANG_WARN_COMMA = YES;
				CLANG_WARN_CONSTANT_CONVERSION = YES;
				CLANG_WARN_DEPRECATED_OBJC_IMPLEMENTATIONS = YES;
				CLANG_WARN_DIRECT_OBJC_ISA_USAGE = YES_ERROR;
				CLANG_WARN_DOCUMENTATION_COMMENTS = YES;
				CLANG_WARN_EMPTY_BODY = YES;
				CLANG_WARN_ENUM_CONVERSION = YES;
				CLANG_WARN_INFINITE_RECURSION = YES;
				CLANG_WARN_INT_CONVERSION = YES;
				CLANG_WARN_NON_LITERAL_NULL_CONVERSION = YES;
				CLANG_WARN_OBJC_IMPLICIT_RETAIN_SELF = YES;
				CLANG_WARN_OBJC_LITERAL_CONVERSION = YES;
				CLANG_WARN_OBJC_ROOT_CLASS = YES_ERROR;
				CLANG_WARN_RANGE_LOOP_ANALYSIS = YES;
				CLANG_WARN_STRICT_PROTOTYPES = YES;
				CLANG_WARN_SUSPICIOUS_MOVE = YES;
				CLANG_WARN_UNGUARDED_AVAILABILITY = YES_AGGRESSIVE;
				CLANG_WARN_UNREACHABLE_CODE = YES;
				CLANG_WARN__DUPLICATE_METHOD_MATCH = YES;
				CODE_SIGN_IDENTITY = "iPhone Developer";
				COPY_PHASE_STRIP = NO;
				DEBUG_INFORMATION_FORMAT = dwarf;
				ENABLE_STRICT_OBJC_MSGSEND = YES;
				ENABLE_TESTABILITY = YES;
				GCC_C_LANGUAGE_STANDARD = gnu11;
				GCC_DYNAMIC_NO_PIC = NO;
				GCC_NO_COMMON_BLOCKS = YES;
				GCC_OPTIMIZATION_LEVEL = 0;
				GCC_PREPROCESSOR_DEFINITIONS = (
					"DEBUG=1",
					"$(inherited)",
				);
				GCC_WARN_64_TO_32_BIT_CONVERSION = YES;
				GCC_WARN_ABOUT_RETURN_TYPE = YES_ERROR;
				GCC_WARN_UNDECLARED_SELECTOR = YES;
				GCC_WARN_UNINITIALIZED_AUTOS = YES_AGGRESSIVE;
				GCC_WARN_UNUSED_FUNCTION = YES;
				GCC_WARN_UNUSED_VARIABLE = YES;
				IPHONEOS_DEPLOYMENT_TARGET = 12.1;
				MTL_ENABLE_DEBUG_INFO = INCLUDE_SOURCE;
				MTL_FAST_MATH = YES;
				ONLY_ACTIVE_ARCH = YES;
				SDKROOT = iphoneos;
				SWIFT_ACTIVE_COMPILATION_CONDITIONS = DEBUG;
				SWIFT_OPTIMIZATION_LEVEL = "-Onone";
			};
			name = Debug;
		};
		0ADD56D62226EEE500CFCBAC /* Release */ = {
			isa = XCBuildConfiguration;
			buildSettings = {
				ALWAYS_SEARCH_USER_PATHS = NO;
				CLANG_ANALYZER_NONNULL = YES;
				CLANG_ANALYZER_NUMBER_OBJECT_CONVERSION = YES_AGGRESSIVE;
				CLANG_CXX_LANGUAGE_STANDARD = "gnu++14";
				CLANG_CXX_LIBRARY = "libc++";
				CLANG_ENABLE_MODULES = YES;
				CLANG_ENABLE_OBJC_ARC = YES;
				CLANG_ENABLE_OBJC_WEAK = YES;
				CLANG_WARN_BLOCK_CAPTURE_AUTORELEASING = YES;
				CLANG_WARN_BOOL_CONVERSION = YES;
				CLANG_WARN_COMMA = YES;
				CLANG_WARN_CONSTANT_CONVERSION = YES;
				CLANG_WARN_DEPRECATED_OBJC_IMPLEMENTATIONS = YES;
				CLANG_WARN_DIRECT_OBJC_ISA_USAGE = YES_ERROR;
				CLANG_WARN_DOCUMENTATION_COMMENTS = YES;
				CLANG_WARN_EMPTY_BODY = YES;
				CLANG_WARN_ENUM_CONVERSION = YES;
				CLANG_WARN_INFINITE_RECURSION = YES;
				CLANG_WARN_INT_CONVERSION = YES;
				CLANG_WARN_NON_LITERAL_NULL_CONVERSION = YES;
				CLANG_WARN_OBJC_IMPLICIT_RETAIN_SELF = YES;
				CLANG_WARN_OBJC_LITERAL_CONVERSION = YES;
				CLANG_WARN_OBJC_ROOT_CLASS = YES_ERROR;
				CLANG_WARN_RANGE_LOOP_ANALYSIS = YES;
				CLANG_WARN_STRICT_PROTOTYPES = YES;
				CLANG_WARN_SUSPICIOUS_MOVE = YES;
				CLANG_WARN_UNGUARDED_AVAILABILITY = YES_AGGRESSIVE;
				CLANG_WARN_UNREACHABLE_CODE = YES;
				CLANG_WARN__DUPLICATE_METHOD_MATCH = YES;
				CODE_SIGN_IDENTITY = "iPhone Developer";
				COPY_PHASE_STRIP = NO;
				DEBUG_INFORMATION_FORMAT = "dwarf-with-dsym";
				ENABLE_NS_ASSERTIONS = NO;
				ENABLE_STRICT_OBJC_MSGSEND = YES;
				GCC_C_LANGUAGE_STANDARD = gnu11;
				GCC_NO_COMMON_BLOCKS = YES;
				GCC_WARN_64_TO_32_BIT_CONVERSION = YES;
				GCC_WARN_ABOUT_RETURN_TYPE = YES_ERROR;
				GCC_WARN_UNDECLARED_SELECTOR = YES;
				GCC_WARN_UNINITIALIZED_AUTOS = YES_AGGRESSIVE;
				GCC_WARN_UNUSED_FUNCTION = YES;
				GCC_WARN_UNUSED_VARIABLE = YES;
				IPHONEOS_DEPLOYMENT_TARGET = 12.1;
				MTL_ENABLE_DEBUG_INFO = NO;
				MTL_FAST_MATH = YES;
				SDKROOT = iphoneos;
				SWIFT_COMPILATION_MODE = wholemodule;
				SWIFT_OPTIMIZATION_LEVEL = "-O";
				VALIDATE_PRODUCT = YES;
			};
			name = Release;
		};
		0ADD56D82226EEE500CFCBAC /* Debug */ = {
			isa = XCBuildConfiguration;
			baseConfigurationReference = E2452494168DEEC81E485E8F /* Pods-Dices.debug.xcconfig */;
			buildSettings = {
				ASSETCATALOG_COMPILER_APPICON_NAME = AppIcon;
				CODE_SIGN_STYLE = Automatic;
				DEVELOPMENT_TEAM = 3FMVQ97S47;
				INFOPLIST_FILE = Dices/Resources/Info.plist;
				LD_RUNPATH_SEARCH_PATHS = (
					"$(inherited)",
					"@executable_path/Frameworks",
				);
				PRODUCT_BUNDLE_IDENTIFIER = krygu.Dices;
				PRODUCT_NAME = "$(TARGET_NAME)";
				SWIFT_VERSION = 4.2;
				TARGETED_DEVICE_FAMILY = "1,2";
			};
			name = Debug;
		};
		0ADD56D92226EEE500CFCBAC /* Release */ = {
			isa = XCBuildConfiguration;
			baseConfigurationReference = FC469F69E6AF6E8ABAAEAB76 /* Pods-Dices.release.xcconfig */;
			buildSettings = {
				ASSETCATALOG_COMPILER_APPICON_NAME = AppIcon;
				CODE_SIGN_STYLE = Automatic;
				DEVELOPMENT_TEAM = 3FMVQ97S47;
				INFOPLIST_FILE = Dices/Resources/Info.plist;
				LD_RUNPATH_SEARCH_PATHS = (
					"$(inherited)",
					"@executable_path/Frameworks",
				);
				PRODUCT_BUNDLE_IDENTIFIER = krygu.Dices;
				PRODUCT_NAME = "$(TARGET_NAME)";
				SWIFT_VERSION = 4.2;
				TARGETED_DEVICE_FAMILY = "1,2";
			};
			name = Release;
		};
/* End XCBuildConfiguration section */

/* Begin XCConfigurationList section */
		0ADD56C02226EEE400CFCBAC /* Build configuration list for PBXProject "Dices" */ = {
			isa = XCConfigurationList;
			buildConfigurations = (
				0ADD56D52226EEE500CFCBAC /* Debug */,
				0ADD56D62226EEE500CFCBAC /* Release */,
			);
			defaultConfigurationIsVisible = 0;
			defaultConfigurationName = Release;
		};
		0ADD56D72226EEE500CFCBAC /* Build configuration list for PBXNativeTarget "Dices" */ = {
			isa = XCConfigurationList;
			buildConfigurations = (
				0ADD56D82226EEE500CFCBAC /* Debug */,
				0ADD56D92226EEE500CFCBAC /* Release */,
			);
			defaultConfigurationIsVisible = 0;
			defaultConfigurationName = Release;
		};
/* End XCConfigurationList section */
	};
	rootObject = 0ADD56BD2226EEE400CFCBAC /* Project object */;
}
